<?xml version="1.0" encoding="UTF-8" standalone="yes" ?>
<CodeBlocks_project_file>
	<FileVersion major="1" minor="6" />
	<Project>
		<Option title="Wolf4SDL" />
		<Option pch_mode="2" />
		<Option compiler="gcc" />
		<Build>
			<Target title="default">
				<Option output="obj/Wolf4SDL" prefix_auto="1" extension_auto="1" />
				<Option working_dir="obj" />
				<Option object_output="obj" />
				<Option type="0" />
				<Option compiler="gcc" />
				<Compiler>
					<Add directory="C:/Dev-Cpp/include/SDL" />
					<Add directory="C:/Dev-Cpp/include/SDL_mixer" />
				</Compiler>
				<Linker>
					<Add directory="C:/Dev-Cpp/lib/SDL" />
					<Add directory="C:/Dev-Cpp/lib/SDL_mixer" />
				</Linker>
			</Target>
		</Build>
		<Compiler>
			<Add option="-Dmain=SDL_main" />
		</Compiler>
		<Linker>
			<Add library="mingw32" />
			<Add library="SDL" />
			<Add library="SDL_mixer" />
		</Linker>
		<Unit filename="audiosod.h" />
		<Unit filename="audiowl6.h" />
		<Unit filename="f_spear.h" />
		<Unit filename="foreign.h" />
		<Unit filename="gfxv_apo.h" />
		<Unit filename="gfxv_jap.h" />
		<Unit filename="gfxv_sod.h" />
		<Unit filename="gfxv_wl6.h" />
		<Unit filename="id_ca.c">
			<Option compilerVar="CC" />
		</Unit>
		<Unit filename="id_ca.h" />
		<Unit filename="id_in.c">
			<Option compilerVar="CC" />
		</Unit>
		<Unit filename="id_in.h" />
		<Unit filename="id_pm.c">
			<Option compilerVar="CC" />
		</Unit>
		<Unit filename="id_sd.c">
			<Option compilerVar="CC" />
		</Unit>
		<Unit filename="id_sd.h" />
		<Unit filename="id_us.c">
			<Option compilerVar="CC" />
		</Unit>
		<Unit filename="id_us.h" />
		<Unit filename="id_vh.c">
			<Option compilerVar="CC" />
		</Unit>
		<Unit filename="id_vh.h" />
		<Unit filename="id_vl.c">
			<Option compilerVar="CC" />
		</Unit>
		<Unit filename="id_vl.h" />
		<Unit filename="mame/fmopl.c">
			<Option compilerVar="CC" />
		</Unit>
		<Unit filename="mame/fmopl.h" />
		<Unit filename="sdl_winmain.c">
			<Option compilerVar="CC" />
		</Unit>
		<Unit filename="signon.c">
			<Option compilerVar="CC" />
		</Unit>
		<Unit filename="version.h" />
		<Unit filename="win/Wolf4SDL.rc">
			<Option compilerVar="WINDRES" />
		</Unit>
		<Unit filename="wl_act1.c">
			<Option compilerVar="CC" />
		</Unit>
		<Unit filename="wl_act2.c">
			<Option compilerVar="CC" />
		</Unit>
		<Unit filename="wl_agent.c">
			<Option compilerVar="CC" />
		</Unit>
		<Unit filename="wl_atmos.c">
			<Option compilerVar="CC" />
		</Unit>
		<Unit filename="wl_cloudsky.c">
			<Option compilerVar="CC" />
		</Unit>
		<Unit filename="wl_debug.c">
			<Option compilerVar="CC" />
		</Unit>
		<Unit filename="wl_def.h" />
		<Unit filename="wl_draw.c">
			<Option compilerVar="CC" />
		</Unit>
		<Unit filename="wl_game.c">
			<Option compilerVar="CC" />
		</Unit>
		<Unit filename="wl_inter.c">
			<Option compilerVar="CC" />
		</Unit>
		<Unit filename="wl_main.c">
			<Option compilerVar="CC" />
		</Unit>
		<Unit filename="wl_menu.c">
			<Option compilerVar="CC" />
		</Unit>
		<Unit filename="wl_menu.h" />
		<Unit filename="wl_parallax.c">
			<Option compilerVar="CC" />
		</Unit>
		<Unit filename="wl_plane.c">
			<Option compilerVar="CC" />
		</Unit>
		<Unit filename="wl_play.c">
			<Option compilerVar="CC" />
		</Unit>
		<Unit filename="wl_scale.c">
			<Option compilerVar="CC" />
		</Unit>
		<Unit filename="wl_shade.c">
			<Option compilerVar="CC" />
		</Unit>
		<Unit filename="wl_state.c">
			<Option compilerVar="CC" />
		</Unit>
		<Unit filename="wl_text.c">
			<Option compilerVar="CC" />
		</Unit>
		<Unit filename="wl_utils.c">
			<Option compilerVar="CC" />
		</Unit>
		<Extensions />
	</Project>
</CodeBlocks_project_file>
